# This file is automatically @generated by Cargo.
# It is not intended for manual editing.
[[package]]
name = "Inflector"
version = "0.11.4"
source = "registry+https://github.com/rust-lang/crates.io-index"
checksum = "fe438c63458706e03479442743baae6c88256498e6431708f6dfc520a26515d3"
dependencies = [
 "lazy_static",
 "regex",
]

[[package]]
name = "aho-corasick"
version = "0.7.15"
source = "registry+https://github.com/rust-lang/crates.io-index"
checksum = "7404febffaa47dac81aa44dba71523c9d069b1bdc50a77db41195149e17f68e5"
dependencies = [
 "memchr",
]

[[package]]
name = "ansi_term"
version = "0.11.0"
source = "registry+https://github.com/rust-lang/crates.io-index"
checksum = "ee49baf6cb617b853aa8d93bf420db2383fab46d314482ca2803b40d5fde979b"
dependencies = [
 "winapi",
]

[[package]]
name = "ansi_term"
version = "0.12.1"
source = "registry+https://github.com/rust-lang/crates.io-index"
checksum = "d52a9bb7ec0cf484c551830a7ce27bd20d67eac647e1befb56b0be4ee39a55d2"
dependencies = [
 "winapi",
]

[[package]]
name = "arrayvec"
version = "0.5.2"
source = "registry+https://github.com/rust-lang/crates.io-index"
checksum = "23b62fc65de8e4e7f52534fb52b0f3ed04746ae267519eef2a83941e8085068b"

[[package]]
name = "ast_node"
version = "0.7.3"
source = "registry+https://github.com/rust-lang/crates.io-index"
checksum = "f93f52ce8fac3d0e6720a92b0576d737c01b1b5db4dd786e962e5925f00bf755"
dependencies = [
 "darling",
 "pmutil",
 "proc-macro2",
 "quote",
 "swc_macros_common",
 "syn",
]

[[package]]
name = "atty"
version = "0.2.14"
source = "registry+https://github.com/rust-lang/crates.io-index"
checksum = "d9b39be18770d11421cdb1b9947a45dd3f37e93092cbf377614828a319d5fee8"
dependencies = [
 "hermit-abi",
 "libc",
 "winapi",
]

[[package]]
name = "autocfg"
version = "1.0.1"
source = "registry+https://github.com/rust-lang/crates.io-index"
checksum = "cdb031dd78e28731d87d56cc8ffef4a8f36ca26c38fe2de700543e627f8a464a"

[[package]]
name = "bitflags"
version = "1.2.1"
source = "registry+https://github.com/rust-lang/crates.io-index"
checksum = "cf1de2fe8c75bc145a2f577add951f8134889b4795d47466a54a5c846d691693"

[[package]]
name = "bumpalo"
version = "3.6.1"
source = "registry+https://github.com/rust-lang/crates.io-index"
checksum = "63396b8a4b9de3f4fdfb320ab6080762242f66a8ef174c49d8e19b674db4cdbe"

[[package]]
name = "byteorder"
version = "1.4.3"
source = "registry+https://github.com/rust-lang/crates.io-index"
checksum = "14c189c53d098945499cdfa7ecc63567cf3886b3332b312a5b4585d8d3a6a610"

[[package]]
name = "cfg-if"
version = "0.1.10"
source = "registry+https://github.com/rust-lang/crates.io-index"
checksum = "4785bdd1c96b2a846b2bd7cc02e86b6b3dbf14e7e53446c4f54c92a361040822"

[[package]]
name = "cfg-if"
version = "1.0.0"
source = "registry+https://github.com/rust-lang/crates.io-index"
checksum = "baf1de4339761588bc0619e3cbc0120ee582ebb74b53b4efbf79117bd2da40fd"

[[package]]
name = "clap"
version = "2.33.3"
source = "registry+https://github.com/rust-lang/crates.io-index"
checksum = "37e58ac78573c40708d45522f0d80fa2f01cc4f9b4e2bf749807255454312002"
dependencies = [
 "ansi_term 0.11.0",
 "atty",
 "bitflags",
 "strsim 0.8.0",
 "textwrap",
 "unicode-width",
 "vec_map",
]

[[package]]
name = "darling"
version = "0.10.2"
source = "registry+https://github.com/rust-lang/crates.io-index"
checksum = "0d706e75d87e35569db781a9b5e2416cff1236a47ed380831f959382ccd5f858"
dependencies = [
 "darling_core",
 "darling_macro",
]

[[package]]
name = "darling_core"
version = "0.10.2"
source = "registry+https://github.com/rust-lang/crates.io-index"
checksum = "f0c960ae2da4de88a91b2d920c2a7233b400bc33cb28453a2987822d8392519b"
dependencies = [
 "fnv",
 "ident_case",
 "proc-macro2",
 "quote",
 "strsim 0.9.3",
 "syn",
]

[[package]]
name = "darling_macro"
version = "0.10.2"
source = "registry+https://github.com/rust-lang/crates.io-index"
checksum = "d9b5a2f4ac4969822c62224815d069952656cadc7084fdca9751e6d959189b72"
dependencies = [
 "darling_core",
 "quote",
 "syn",
]

[[package]]
name = "difference"
version = "2.0.0"
source = "registry+https://github.com/rust-lang/crates.io-index"
checksum = "524cbf6897b527295dff137cec09ecf3a05f4fddffd7dfcd1585403449e74198"

[[package]]
name = "dprint-core"
version = "0.37.0"
source = "registry+https://github.com/rust-lang/crates.io-index"
checksum = "1573a8cdbb2fce7f180099a74a0252288a13d7169a9dd43f0f0ff9448a1b1f4e"
dependencies = [
 "bumpalo",
 "fnv",
 "serde",
]

[[package]]
name = "dprint-core"
version = "0.42.0"
source = "registry+https://github.com/rust-lang/crates.io-index"
checksum = "690b3f34a0c0825e5ebbc58f0f0ddf979a6f5fff32f7317886d4917507035760"
dependencies = [
 "bumpalo",
 "fnv",
 "serde",
]

[[package]]
name = "dprint-plugin-typescript"
version = "0.46.1"
source = "registry+https://github.com/rust-lang/crates.io-index"
checksum = "a2415a2015399b9f5343f1f3401c20c415d0fe7cb16000c7e001c8038d618899"
dependencies = [
 "dprint-core 0.42.0",
 "dprint-swc-ecma-ast-view",
 "fnv",
 "serde",
 "swc_common",
 "swc_ecmascript",
]

[[package]]
name = "dprint-swc-ecma-ast-view"
version = "0.21.0"
source = "registry+https://github.com/rust-lang/crates.io-index"
checksum = "77d3e8cf5128933adc5b3b9955730c4ebda2335fdbb24da4f53f004ee7764a10"
dependencies = [
 "bumpalo",
 "fnv",
 "num-bigint",
 "swc_atoms",
 "swc_common",
 "swc_ecmascript",
]

[[package]]
name = "either"
version = "1.6.1"
source = "registry+https://github.com/rust-lang/crates.io-index"
checksum = "e78d4f1cc4ae33bbfc157ed5d5a5ef3bc29227303d595861deb238fcec4e9457"

[[package]]
name = "enum_kind"
version = "0.2.1"
source = "registry+https://github.com/rust-lang/crates.io-index"
checksum = "78b940da354ae81ef0926c5eaa428207b8f4f091d3956c891dfbd124162bed99"
dependencies = [
 "pmutil",
 "proc-macro2",
 "swc_macros_common",
 "syn",
]

[[package]]
name = "fnv"
version = "1.0.7"
source = "registry+https://github.com/rust-lang/crates.io-index"
checksum = "3f9eec918d3f24069decb9af1554cad7c880e2da24a9afd88aca000531ab82c1"

[[package]]
name = "from_variant"
version = "0.1.3"
source = "registry+https://github.com/rust-lang/crates.io-index"
checksum = "0951635027ca477be98f8774abd6f0345233439d63f307e47101acb40c7cc63d"
dependencies = [
 "pmutil",
 "proc-macro2",
 "swc_macros_common",
 "syn",
]

[[package]]
name = "fs_extra"
version = "1.2.0"
source = "registry+https://github.com/rust-lang/crates.io-index"
checksum = "2022715d62ab30faffd124d40b76f4134a550a87792276512b18d63272333394"

[[package]]
name = "fxhash"
version = "0.2.1"
source = "registry+https://github.com/rust-lang/crates.io-index"
checksum = "c31b6d751ae2c7f11320402d34e41349dd1016f8d5d45e48c4312bc8625af50c"
dependencies = [
 "byteorder",
]

[[package]]
name = "getrandom"
version = "0.1.16"
source = "registry+https://github.com/rust-lang/crates.io-index"
checksum = "8fc3cb4d91f53b50155bdcfd23f6a4c39ae1969c2ae85982b135750cccaf5fce"
dependencies = [
 "cfg-if 1.0.0",
 "libc",
 "wasi 0.9.0+wasi-snapshot-preview1",
]

[[package]]
name = "getrandom"
version = "0.2.2"
source = "registry+https://github.com/rust-lang/crates.io-index"
checksum = "c9495705279e7140bf035dde1f6e750c162df8b625267cd52cc44e0b156732c8"
dependencies = [
 "cfg-if 1.0.0",
 "libc",
 "wasi 0.10.2+wasi-snapshot-preview1",
]

[[package]]
name = "heck"
version = "0.3.2"
source = "registry+https://github.com/rust-lang/crates.io-index"
checksum = "87cbf45460356b7deeb5e3415b5563308c0a9b057c85e12b06ad551f98d0a6ac"
dependencies = [
 "unicode-segmentation",
]

[[package]]
name = "hermit-abi"
version = "0.1.18"
source = "registry+https://github.com/rust-lang/crates.io-index"
checksum = "322f4de77956e22ed0e5032c359a0f1273f1f7f0d79bfa3b8ffbc730d7fbcc5c"
dependencies = [
 "libc",
]

[[package]]
name = "ident_case"
version = "1.0.1"
source = "registry+https://github.com/rust-lang/crates.io-index"
checksum = "b9e0384b61958566e926dc50660321d12159025e767c18e043daf26b70104c39"

[[package]]
name = "is-macro"
version = "0.1.9"
source = "registry+https://github.com/rust-lang/crates.io-index"
checksum = "a322dd16d960e322c3d92f541b4c1a4f0a2e81e1fdeee430d8cecc8b72e8015f"
dependencies = [
 "Inflector",
 "pmutil",
 "proc-macro2",
 "quote",
 "syn",
]

[[package]]
name = "itoa"
version = "0.4.7"
source = "registry+https://github.com/rust-lang/crates.io-index"
checksum = "dd25036021b0de88a0aff6b850051563c6516d0bf53f8638938edbb9de732736"

[[package]]
name = "lazy_static"
version = "1.4.0"
source = "registry+https://github.com/rust-lang/crates.io-index"
checksum = "e2abad23fbc42b3700f2f279844dc832adb2b2eb069b2df918f455c4e18cc646"

[[package]]
name = "lexical"
version = "5.2.2"
source = "registry+https://github.com/rust-lang/crates.io-index"
checksum = "f404a90a744e32e8be729034fc33b90cf2a56418fbf594d69aa3c0214ad414e5"
dependencies = [
 "cfg-if 1.0.0",
 "lexical-core",
]

[[package]]
name = "lexical-core"
version = "0.7.6"
source = "registry+https://github.com/rust-lang/crates.io-index"
checksum = "6607c62aa161d23d17a9072cc5da0be67cdfc89d3afb1e8d9c842bebc2525ffe"
dependencies = [
 "arrayvec",
 "bitflags",
 "cfg-if 1.0.0",
 "ryu",
 "static_assertions",
]

[[package]]
name = "libc"
version = "0.2.93"
source = "registry+https://github.com/rust-lang/crates.io-index"
checksum = "9385f66bf6105b241aa65a61cb923ef20efc665cb9f9bb50ac2f0c4b7f378d41"

[[package]]
name = "log"
version = "0.4.14"
source = "registry+https://github.com/rust-lang/crates.io-index"
checksum = "51b9bbe6c47d51fc3e1a9b945965946b4c44142ab8792c50835a980d362c2710"
dependencies = [
 "cfg-if 1.0.0",
]

[[package]]
name = "memchr"
version = "2.3.4"
source = "registry+https://github.com/rust-lang/crates.io-index"
checksum = "0ee1c47aaa256ecabcaea351eae4a9b01ef39ed810004e298d2511ed284b1525"

[[package]]
name = "new_debug_unreachable"
version = "1.0.4"
source = "registry+https://github.com/rust-lang/crates.io-index"
checksum = "e4a24736216ec316047a1fc4252e27dabb04218aa4a3f37c6e7ddbf1f9782b54"

[[package]]
name = "num-bigint"
version = "0.2.6"
source = "registry+https://github.com/rust-lang/crates.io-index"
checksum = "090c7f9998ee0ff65aa5b723e4009f7b217707f1fb5ea551329cc4d6231fb304"
dependencies = [
 "autocfg",
 "num-integer",
 "num-traits",
 "serde",
]

[[package]]
name = "num-integer"
version = "0.1.44"
source = "registry+https://github.com/rust-lang/crates.io-index"
checksum = "d2cc698a63b549a70bc047073d2949cce27cd1c7b0a4a862d08a8031bc2801db"
dependencies = [
 "autocfg",
 "num-traits",
]

[[package]]
name = "num-traits"
version = "0.2.14"
source = "registry+https://github.com/rust-lang/crates.io-index"
checksum = "9a64b1ec5cda2586e284722486d802acf1f7dbdc623e2bfc57e65ca1cd099290"
dependencies = [
 "autocfg",
]

[[package]]
name = "once_cell"
version = "1.7.2"
source = "registry+https://github.com/rust-lang/crates.io-index"
checksum = "af8b08b04175473088b46763e51ee54da5f9a164bc162f615b91bc179dbf15a3"

[[package]]
name = "owning_ref"
version = "0.4.1"
source = "registry+https://github.com/rust-lang/crates.io-index"
checksum = "6ff55baddef9e4ad00f88b6c743a2a8062d4c6ade126c2a528644b8e444d52ce"
dependencies = [
 "stable_deref_trait",
]

[[package]]
name = "phf_generator"
version = "0.8.0"
source = "registry+https://github.com/rust-lang/crates.io-index"
checksum = "17367f0cc86f2d25802b2c26ee58a7b23faeccf78a396094c13dced0d0182526"
dependencies = [
 "phf_shared",
 "rand 0.7.3",
]

[[package]]
name = "phf_shared"
version = "0.8.0"
source = "registry+https://github.com/rust-lang/crates.io-index"
checksum = "c00cf8b9eafe68dde5e9eaa2cef8ee84a9336a47d566ec55ca16589633b65af7"
dependencies = [
 "siphasher",
]

[[package]]
name = "pipe-trait"
version = "0.2.1"
source = "registry+https://github.com/rust-lang/crates.io-index"
checksum = "7d4c36ce339a5efdc0e3e60766952bc1df1b9e2b80cb14f1502c00aa90070ce0"

[[package]]
name = "pipe-trait"
version = "0.3.2"
source = "registry+https://github.com/rust-lang/crates.io-index"
checksum = "3fd92f5561e74c246a0b7332e09d2364afb40b67d152c4520b3ba2a7d3dea5b3"

[[package]]
name = "pmutil"
version = "0.5.3"
source = "registry+https://github.com/rust-lang/crates.io-index"
checksum = "3894e5d549cccbe44afecf72922f277f603cd4bb0219c8342631ef18fffbe004"
dependencies = [
 "proc-macro2",
 "quote",
 "syn",
]

[[package]]
name = "ppv-lite86"
version = "0.2.10"
source = "registry+https://github.com/rust-lang/crates.io-index"
checksum = "ac74c624d6b2d21f425f752262f42188365d7b8ff1aff74c82e45136510a4857"

[[package]]
name = "precomputed-hash"
version = "0.1.1"
source = "registry+https://github.com/rust-lang/crates.io-index"
checksum = "925383efa346730478fb4838dbe9137d2a47675ad789c546d150a6e1dd4ab31c"

[[package]]
name = "proc-macro-error"
version = "1.0.4"
source = "registry+https://github.com/rust-lang/crates.io-index"
checksum = "da25490ff9892aab3fcf7c36f08cfb902dd3e71ca0f9f9517bea02a73a5ce38c"
dependencies = [
 "proc-macro-error-attr",
 "proc-macro2",
 "quote",
 "syn",
 "version_check",
]

[[package]]
name = "proc-macro-error-attr"
version = "1.0.4"
source = "registry+https://github.com/rust-lang/crates.io-index"
checksum = "a1be40180e52ecc98ad80b184934baf3d0d29f979574e439af5a55274b35f869"
dependencies = [
 "proc-macro2",
 "quote",
 "version_check",
]

[[package]]
name = "proc-macro2"
version = "1.0.26"
source = "registry+https://github.com/rust-lang/crates.io-index"
checksum = "a152013215dca273577e18d2bf00fa862b89b24169fb78c4c95aeb07992c9cec"
dependencies = [
 "unicode-xid",
]

[[package]]
name = "quote"
version = "1.0.9"
source = "registry+https://github.com/rust-lang/crates.io-index"
checksum = "c3d0b9745dc2debf507c8422de05d7226cc1f0644216dfdfead988f9b1ab32a7"
dependencies = [
 "proc-macro2",
]

[[package]]
name = "rand"
version = "0.7.3"
source = "registry+https://github.com/rust-lang/crates.io-index"
checksum = "6a6b1679d49b24bbfe0c803429aa1874472f50d9b363131f0e89fc356b544d03"
dependencies = [
 "getrandom 0.1.16",
 "libc",
 "rand_chacha 0.2.2",
 "rand_core 0.5.1",
 "rand_hc 0.2.0",
 "rand_pcg",
]

[[package]]
name = "rand"
version = "0.8.3"
source = "registry+https://github.com/rust-lang/crates.io-index"
checksum = "0ef9e7e66b4468674bfcb0c81af8b7fa0bb154fa9f28eb840da5c447baeb8d7e"
dependencies = [
 "libc",
 "rand_chacha 0.3.0",
 "rand_core 0.6.2",
 "rand_hc 0.3.0",
]

[[package]]
name = "rand_chacha"
version = "0.2.2"
source = "registry+https://github.com/rust-lang/crates.io-index"
checksum = "f4c8ed856279c9737206bf725bf36935d8666ead7aa69b52be55af369d193402"
dependencies = [
 "ppv-lite86",
 "rand_core 0.5.1",
]

[[package]]
name = "rand_chacha"
version = "0.3.0"
source = "registry+https://github.com/rust-lang/crates.io-index"
checksum = "e12735cf05c9e10bf21534da50a147b924d555dc7a547c42e6bb2d5b6017ae0d"
dependencies = [
 "ppv-lite86",
 "rand_core 0.6.2",
]

[[package]]
name = "rand_core"
version = "0.5.1"
source = "registry+https://github.com/rust-lang/crates.io-index"
checksum = "90bde5296fc891b0cef12a6d03ddccc162ce7b2aff54160af9338f8d40df6d19"
dependencies = [
 "getrandom 0.1.16",
]

[[package]]
name = "rand_core"
version = "0.6.2"
source = "registry+https://github.com/rust-lang/crates.io-index"
checksum = "34cf66eb183df1c5876e2dcf6b13d57340741e8dc255b48e40a26de954d06ae7"
dependencies = [
 "getrandom 0.2.2",
]

[[package]]
name = "rand_hc"
version = "0.2.0"
source = "registry+https://github.com/rust-lang/crates.io-index"
checksum = "ca3129af7b92a17112d59ad498c6f81eaf463253766b90396d39ea7a39d6613c"
dependencies = [
 "rand_core 0.5.1",
]

[[package]]
name = "rand_hc"
version = "0.3.0"
source = "registry+https://github.com/rust-lang/crates.io-index"
checksum = "3190ef7066a446f2e7f42e239d161e905420ccab01eb967c9eb27d21b2322a73"
dependencies = [
 "rand_core 0.6.2",
]

[[package]]
name = "rand_pcg"
version = "0.2.1"
source = "registry+https://github.com/rust-lang/crates.io-index"
checksum = "16abd0c1b639e9eb4d7c50c0b8100b0d0f849be2349829c740fe8e6eb4816429"
dependencies = [
 "rand_core 0.5.1",
]

[[package]]
name = "redox_syscall"
version = "0.2.6"
source = "registry+https://github.com/rust-lang/crates.io-index"
checksum = "8270314b5ccceb518e7e578952f0b72b88222d02e8f77f5ecf7abbb673539041"
dependencies = [
 "bitflags",
]

[[package]]
name = "regex"
version = "1.4.5"
source = "registry+https://github.com/rust-lang/crates.io-index"
checksum = "957056ecddbeba1b26965114e191d2e8589ce74db242b6ea25fc4062427a5c19"
dependencies = [
 "aho-corasick",
 "memchr",
 "regex-syntax",
]

[[package]]
name = "regex-syntax"
version = "0.6.23"
source = "registry+https://github.com/rust-lang/crates.io-index"
checksum = "24d5f089152e60f62d28b835fbff2cd2e8dc0baf1ac13343bef92ab7eed84548"

[[package]]
name = "relative-path"
version = "1.4.0"
source = "registry+https://github.com/rust-lang/crates.io-index"
checksum = "a479d53d7eed831f3c92ca79c61002d5987e21417d528296832f802bca532380"

[[package]]
name = "remove_dir_all"
version = "0.5.3"
source = "registry+https://github.com/rust-lang/crates.io-index"
checksum = "3acd125665422973a33ac9d3dd2df85edad0f4ae9b00dafb1a05e43a9f5ef8e7"
dependencies = [
 "winapi",
]

[[package]]
name = "ryu"
version = "1.0.5"
source = "registry+https://github.com/rust-lang/crates.io-index"
checksum = "71d301d4193d031abdd79ff7e3dd721168a9572ef3fe51a1517aba235bd8f86e"

[[package]]
name = "sane-fmt"
version = "0.9.11"
dependencies = [
 "ansi_term 0.12.1",
 "difference",
 "dprint-core 0.37.0",
 "dprint-plugin-typescript",
 "fs_extra",
 "pipe-trait 0.3.2",
 "relative-path",
 "serde",
 "serde_json",
 "strip-ansi-escapes",
 "structopt",
 "structopt-utilities",
 "tap",
 "tempfile",
 "toml",
]

[[package]]
name = "scoped-tls"
version = "1.0.0"
source = "registry+https://github.com/rust-lang/crates.io-index"
checksum = "ea6a9290e3c9cf0f18145ef7ffa62d68ee0bf5fcd651017e586dc7fd5da448c2"

[[package]]
name = "serde"
version = "1.0.126"
source = "registry+https://github.com/rust-lang/crates.io-index"
checksum = "ec7505abeacaec74ae4778d9d9328fe5a5d04253220a85c4ee022239fc996d03"
dependencies = [
 "serde_derive",
]

[[package]]
name = "serde_derive"
version = "1.0.126"
source = "registry+https://github.com/rust-lang/crates.io-index"
checksum = "963a7dbc9895aeac7ac90e74f34a5d5261828f79df35cbed41e10189d3804d43"
dependencies = [
 "proc-macro2",
 "quote",
 "syn",
]

[[package]]
name = "serde_json"
version = "1.0.64"
source = "registry+https://github.com/rust-lang/crates.io-index"
checksum = "799e97dc9fdae36a5c8b8f2cae9ce2ee9fdce2058c57a93e6099d919fd982f79"
dependencies = [
 "itoa",
 "ryu",
 "serde",
]

[[package]]
name = "siphasher"
version = "0.3.5"
source = "registry+https://github.com/rust-lang/crates.io-index"
checksum = "cbce6d4507c7e4a3962091436e56e95290cb71fa302d0d270e32130b75fbff27"

[[package]]
name = "smallvec"
version = "1.6.1"
source = "registry+https://github.com/rust-lang/crates.io-index"
checksum = "fe0f37c9e8f3c5a4a66ad655a93c74daac4ad00c441533bf5c6e7990bb42604e"

[[package]]
name = "stable_deref_trait"
version = "1.2.0"
source = "registry+https://github.com/rust-lang/crates.io-index"
checksum = "a8f112729512f8e442d81f95a8a7ddf2b7c6b8a1a6f509a95864142b30cab2d3"

[[package]]
name = "static_assertions"
version = "1.1.0"
source = "registry+https://github.com/rust-lang/crates.io-index"
checksum = "a2eb9349b6444b326872e140eb1cf5e7c522154d69e7a0ffb0fb81c06b37543f"

[[package]]
name = "string_cache"
version = "0.8.1"
source = "registry+https://github.com/rust-lang/crates.io-index"
checksum = "8ddb1139b5353f96e429e1a5e19fbaf663bddedaa06d1dbd49f82e352601209a"
dependencies = [
 "lazy_static",
 "new_debug_unreachable",
 "phf_shared",
 "precomputed-hash",
 "serde",
]

[[package]]
name = "string_cache_codegen"
version = "0.5.1"
source = "registry+https://github.com/rust-lang/crates.io-index"
checksum = "f24c8e5e19d22a726626f1a5e16fe15b132dcf21d10177fa5a45ce7962996b97"
dependencies = [
 "phf_generator",
 "phf_shared",
 "proc-macro2",
 "quote",
]

[[package]]
name = "string_enum"
version = "0.3.1"
source = "registry+https://github.com/rust-lang/crates.io-index"
checksum = "f584cc881e9e5f1fd6bf827b0444aa94c30d8fe6378cf241071b5f5700b2871f"
dependencies = [
 "pmutil",
 "proc-macro2",
 "quote",
 "swc_macros_common",
 "syn",
]

[[package]]
name = "strip-ansi-escapes"
version = "0.1.0"
source = "registry+https://github.com/rust-lang/crates.io-index"
checksum = "9d63676e2abafa709460982ddc02a3bb586b6d15a49b75c212e06edd3933acee"
dependencies = [
 "vte",
]

[[package]]
name = "strsim"
version = "0.8.0"
source = "registry+https://github.com/rust-lang/crates.io-index"
checksum = "8ea5119cdb4c55b55d432abb513a0429384878c15dde60cc77b1c99de1a95a6a"

[[package]]
name = "strsim"
version = "0.9.3"
source = "registry+https://github.com/rust-lang/crates.io-index"
checksum = "6446ced80d6c486436db5c078dde11a9f73d42b57fb273121e160b84f63d894c"

[[package]]
name = "structopt"
version = "0.3.21"
source = "registry+https://github.com/rust-lang/crates.io-index"
checksum = "5277acd7ee46e63e5168a80734c9f6ee81b1367a7d8772a2d765df2a3705d28c"
dependencies = [
 "clap",
 "lazy_static",
 "structopt-derive",
]

[[package]]
name = "structopt-derive"
version = "0.4.14"
source = "registry+https://github.com/rust-lang/crates.io-index"
checksum = "5ba9cdfda491b814720b6b06e0cac513d922fc407582032e8706e9f137976f90"
dependencies = [
 "heck",
 "proc-macro-error",
 "proc-macro2",
 "quote",
 "syn",
]

[[package]]
name = "structopt-utilities"
version = "0.0.8"
source = "registry+https://github.com/rust-lang/crates.io-index"
checksum = "397e6483e84c1d75b05a077dbbc860d546d56f6527cee877c4d73e1a710b4d28"
dependencies = [
 "pipe-trait 0.2.1",
 "structopt",
]

[[package]]
name = "swc_atoms"
version = "0.2.6"
source = "registry+https://github.com/rust-lang/crates.io-index"
checksum = "7bcdb70cb6ecee568e5acfda1a8c6e851ecf49443e5fb51f1b13613b5d04d2b0"
dependencies = [
 "string_cache",
 "string_cache_codegen",
]

[[package]]
name = "swc_common"
version = "0.10.21"
source = "registry+https://github.com/rust-lang/crates.io-index"
checksum = "526ac4386aca6a792d75bb3bd5cb72eb170e2029f4ce0f6a9d280923da4b0ce8"
dependencies = [
 "ast_node",
 "cfg-if 0.1.10",
 "either",
 "from_variant",
 "fxhash",
 "log",
 "num-bigint",
 "once_cell",
 "owning_ref",
 "scoped-tls",
 "serde",
 "string_cache",
 "swc_eq_ignore_macros",
 "swc_visit",
 "unicode-width",
]

[[package]]
name = "swc_ecma_ast"
version = "0.46.0"
source = "registry+https://github.com/rust-lang/crates.io-index"
checksum = "f9e64e7a5db16d1a3887291e149bfe0603cd8886c64ca0e210519a879eada926"
dependencies = [
 "is-macro",
 "num-bigint",
 "serde",
 "string_enum",
 "swc_atoms",
 "swc_common",
]

[[package]]
name = "swc_ecma_parser"
version = "0.60.1"
source = "registry+https://github.com/rust-lang/crates.io-index"
checksum = "eb7193efcf774481b6a05e1871f1c5aa8d3e0a901eb700b33ce1b3664f4018be"
dependencies = [
 "either",
 "enum_kind",
 "fxhash",
 "lexical",
 "log",
 "num-bigint",
 "serde",
 "smallvec",
 "swc_atoms",
 "swc_common",
 "swc_ecma_ast",
 "swc_ecma_visit",
 "unicode-xid",
]

[[package]]
name = "swc_ecma_visit"
version = "0.32.0"
source = "registry+https://github.com/rust-lang/crates.io-index"
checksum = "3d52f36a7e74c2895c97c1d86e61fd74b50027ec838b5c6d0b44485f6cbde868"
dependencies = [
 "num-bigint",
 "swc_atoms",
 "swc_common",
 "swc_ecma_ast",
 "swc_visit",
]

[[package]]
name = "swc_ecmascript"
version = "0.39.0"
source = "registry+https://github.com/rust-lang/crates.io-index"
checksum = "3366daf79ec1a0820dc307fd7cf50536106e2fab11cdeffdf84c0b2a9c9204bb"
dependencies = [
 "swc_ecma_ast",
 "swc_ecma_parser",
]

[[package]]
name = "swc_eq_ignore_macros"
version = "0.1.0"
source = "registry+https://github.com/rust-lang/crates.io-index"
checksum = "8c8f200a2eaed938e7c1a685faaa66e6d42fa9e17da5f62572d3cbc335898f5e"
dependencies = [
 "pmutil",
 "proc-macro2",
 "quote",
 "syn",
]

[[package]]
name = "swc_macros_common"
version = "0.3.3"
source = "registry+https://github.com/rust-lang/crates.io-index"
checksum = "08ed2e930f5a1a4071fe62c90fd3a296f6030e5d94bfe13993244423caf59a78"
dependencies = [
 "pmutil",
 "proc-macro2",
 "quote",
 "syn",
]

[[package]]
name = "swc_visit"
version = "0.2.4"
source = "registry+https://github.com/rust-lang/crates.io-index"
checksum = "583cfe83f6002e1118559308b88181f34b5936b403b72548cd0259bfcf0ca39e"
dependencies = [
 "either",
 "swc_visit_macros",
]

[[package]]
name = "swc_visit_macros"
version = "0.2.3"
source = "registry+https://github.com/rust-lang/crates.io-index"
checksum = "e3b2825fee79f10d0166e8e650e79c7a862fb991db275743083f07555d7641f0"
dependencies = [
 "Inflector",
 "pmutil",
 "proc-macro2",
 "quote",
 "swc_macros_common",
 "syn",
]

[[package]]
name = "syn"
version = "1.0.65"
source = "registry+https://github.com/rust-lang/crates.io-index"
checksum = "f3a1d708c221c5a612956ef9f75b37e454e88d1f7b899fbd3a18d4252012d663"
dependencies = [
 "proc-macro2",
 "quote",
 "unicode-xid",
]

[[package]]
name = "tap"
version = "1.0.1"
source = "registry+https://github.com/rust-lang/crates.io-index"
checksum = "55937e1799185b12863d447f42597ed69d9928686b8d88a1df17376a097d8369"

[[package]]
name = "tempfile"
version = "3.2.0"
source = "registry+https://github.com/rust-lang/crates.io-index"
checksum = "dac1c663cfc93810f88aed9b8941d48cabf856a1b111c29a40439018d870eb22"
dependencies = [
 "cfg-if 1.0.0",
 "libc",
 "rand 0.8.3",
 "redox_syscall",
 "remove_dir_all",
 "winapi",
]

[[package]]
name = "textwrap"
version = "0.11.0"
source = "registry+https://github.com/rust-lang/crates.io-index"
checksum = "d326610f408c7a4eb6f51c37c330e496b08506c9457c9d34287ecc38809fb060"
dependencies = [
 "unicode-width",
]

[[package]]
name = "toml"
version = "0.5.8"
source = "registry+https://github.com/rust-lang/crates.io-index"
checksum = "a31142970826733df8241ef35dc040ef98c679ab14d7c3e54d827099b3acecaa"
dependencies = [
 "serde",
]

[[package]]
name = "unicode-segmentation"
version = "1.7.1"
source = "registry+https://github.com/rust-lang/crates.io-index"
checksum = "bb0d2e7be6ae3a5fa87eed5fb451aff96f2573d2694942e40543ae0bbe19c796"

[[package]]
name = "unicode-width"
version = "0.1.8"
source = "registry+https://github.com/rust-lang/crates.io-index"
checksum = "9337591893a19b88d8d87f2cec1e73fad5cdfd10e5a6f349f498ad6ea2ffb1e3"

[[package]]
name = "unicode-xid"
version = "0.2.1"
source = "registry+https://github.com/rust-lang/crates.io-index"
checksum = "f7fe0bb3479651439c9112f72b6c505038574c9fbb575ed1bf3b797fa39dd564"

[[package]]
name = "utf8parse"
version = "0.1.1"
source = "registry+https://github.com/rust-lang/crates.io-index"
checksum = "8772a4ccbb4e89959023bc5b7cb8623a795caa7092d99f3aa9501b9484d4557d"

[[package]]
name = "vec_map"
version = "0.8.2"
source = "registry+https://github.com/rust-lang/crates.io-index"
checksum = "f1bddf1187be692e79c5ffeab891132dfb0f236ed36a43c7ed39f1165ee20191"

[[package]]
name = "version_check"
version = "0.9.3"
source = "registry+https://github.com/rust-lang/crates.io-index"
checksum = "5fecdca9a5291cc2b8dcf7dc02453fee791a280f3743cb0905f8822ae463b3fe"

[[package]]
name = "vte"
version = "0.3.3"
source = "registry+https://github.com/rust-lang/crates.io-index"
checksum = "4f42f536e22f7fcbb407639765c8fd78707a33109301f834a594758bedd6e8cf"
dependencies = [
 "utf8parse",
]

[[package]]
name = "wasi"
version = "0.9.0+wasi-snapshot-preview1"
source = "registry+https://github.com/rust-lang/crates.io-index"
checksum = "cccddf32554fecc6acb585f82a32a72e28b48f8c4c1883ddfeeeaa96f7d8e519"

[[package]]
name = "wasi"
version = "0.10.2+wasi-snapshot-preview1"
source = "registry+https://github.com/rust-lang/crates.io-index"
checksum = "fd6fbd9a79829dd1ad0cc20627bf1ed606756a7f77edff7b66b7064f9cb327c6"

[[package]]
name = "winapi"
version = "0.3.9"
source = "registry+https://github.com/rust-lang/crates.io-index"
checksum = "5c839a674fcd7a98952e593242ea400abe93992746761e38641405d28b00f419"
dependencies = [
 "winapi-i686-pc-windows-gnu",
 "winapi-x86_64-pc-windows-gnu",
]

[[package]]
name = "winapi-i686-pc-windows-gnu"
version = "0.4.0"
source = "registry+https://github.com/rust-lang/crates.io-index"
checksum = "ac3b87c63620426dd9b991e5ce0329eff545bccbbb34f3be09ff6fb6ab51b7b6"

[[package]]
name = "winapi-x86_64-pc-windows-gnu"
version = "0.4.0"
source = "registry+https://github.com/rust-lang/crates.io-index"
checksum = "712e227841d057c1ee1cd2fb22fa7e5a5461ae8e48fa2ca79ec42cfc1931183f"
