dependencies:
  '@types/node': 13.13.9
  '@wasmer/wasi': 0.11.2
  tslib: 2.0.0
devDependencies:
  typescript: 3.9.3
lockfileVersion: 5.1
packages:
  /@types/node/13.13.9:
    dev: false
    resolution:
      integrity: sha512-EPZBIGed5gNnfWCiwEIwTE2Jdg4813odnG8iNPMQGrqVxrI+wL68SPtPeCX+ZxGBaA6pKAVc6jaKgP/Q0QzfdQ==
  /@wasmer/wasi/0.11.2:
    dependencies:
      browser-process-hrtime: 1.0.0
      buffer-es6: 4.9.3
      path-browserify: 1.0.1
      randomfill: 1.0.4
    dev: false
    resolution:
      integrity: sha512-9Oi68ZsD8HTZRjWj5VvnhN0dLL6nSacrgGvdwJeHd9q5bMrlFaXTckQAYm84zXJWg+b5yeFhaEZqGEhe7q4VFQ==
  /browser-process-hrtime/1.0.0:
    dev: false
    resolution:
      integrity: sha512-9o5UecI3GhkpM6DrXr69PblIuWxPKk9Y0jHBRhdocZ2y7YECBFCsHm79Pr3OyR2AvjhDkabFJaDJMYRazHgsow==
  /buffer-es6/4.9.3:
    dev: false
    resolution:
      integrity: sha1-8mNHuC33b9N+GLy1KIxJcM/VxAQ=
  /path-browserify/1.0.1:
    dev: false
    resolution:
      integrity: sha512-b7uo2UCUOYZcnF/3ID0lulOJi/bafxa1xPe7ZPsammBSpjSWQkjNxlt635YGS2MiR9GjvuXCtz2emr3jbsz98g==
  /randombytes/2.1.0:
    dependencies:
      safe-buffer: 5.2.1
    dev: false
    resolution:
      integrity: sha512-vYl3iOX+4CKUWuxGi9Ukhie6fsqXqS9FE2Zaic4tNFD2N2QQaXOMFbuKK4QmDHC0JO6B1Zp41J0LpT0oR68amQ==
  /randomfill/1.0.4:
    dependencies:
      randombytes: 2.1.0
      safe-buffer: 5.2.1
    dev: false
    resolution:
      integrity: sha512-87lcbR8+MhcWcUiQ+9e+Rwx8MyR2P7qnt15ynUlbm3TU/fjbgz4GsvfSUDTemtCCtVCqb4ZcEFlyPNTh9bBTLw==
  /safe-buffer/5.2.1:
    dev: false
    resolution:
      integrity: sha512-rp3So07KcdmmKbGvgaNxQSJr7bGVSVk5S9Eq1F+ppbRo70+YeaDxkw5Dd8NPN+GD6bjnYm2VuPuCXmpuYvmCXQ==
  /tslib/2.0.0:
    dev: false
    resolution:
      integrity: sha512-lTqkx847PI7xEDYJntxZH89L2/aXInsyF2luSafe/+0fHOMjlBNXdH6th7f70qxLDhul7KZK0zC8V5ZIyHl0/g==
  /typescript/3.9.3:
    dev: true
    engines:
      node: '>=4.2.0'
    hasBin: true
    resolution:
      integrity: sha512-D/wqnB2xzNFIcoBG9FG8cXRDjiqSTbG2wd8DMZeQyJlP1vfTkIxH4GKveWaEBYySKIg+USu+E+EDIR47SqnaMQ==
specifiers:
  '@types/node': ^13.13.4
  '@wasmer/wasi': ^0.11.0
  tslib: ^2.0.0
  typescript: ^3.8.2
