lockfileVersion: 5.3

specifiers:
  '@types/node': ^14.0.0
  '@wasmer/wasi': ^1.0.0
  tslib: ^2.0.0
  typescript: ^4.0.0

dependencies:
  '@types/node': 14.17.0
  '@wasmer/wasi': 1.0.0
  tslib: 2.0.0

devDependencies:
  typescript: 4.2.4

packages:

  /@types/node/14.17.0:
    resolution: {integrity: sha512-w8VZUN/f7SSbvVReb9SWp6cJFevxb4/nkG65yLAya//98WgocKm5PLDAtSs5CtJJJM+kHmJjO/6mmYW4MHShZA==}
    dev: false

  /@wasmer/wasi/1.0.0:
    resolution: {integrity: sha512-G5H2k44++3HIoRLEV/ifo5qN5ECbXW4Ai3W86TioPmyHf6Z/gmyMCvzcJnL+zXmW4ABQmXJrOxeQjqPQ65fxRw==}
    dev: false

  /tslib/2.0.0:
    resolution: {integrity: sha512-lTqkx847PI7xEDYJntxZH89L2/aXInsyF2luSafe/+0fHOMjlBNXdH6th7f70qxLDhul7KZK0zC8V5ZIyHl0/g==}
    dev: false

  /typescript/4.2.4:
    resolution: {integrity: sha512-V+evlYHZnQkaz8TRBuxTA92yZBPotr5H+WhQ7bD3hZUndx5tGOa1fuCgeSjxAzM1RiN5IzvadIXTVefuuwZCRg==}
    engines: {node: '>=4.2.0'}
    hasBin: true
    dev: true
