dependencies:
  '@types/node': 13.13.4
  '@wasmer/wasi': 0.10.2
  tslib: 1.11.1
devDependencies:
  typescript: 3.8.3
lockfileVersion: 5.1
packages:
  /@types/node/13.13.4:
    dev: false
    resolution:
      integrity: sha512-x26ur3dSXgv5AwKS0lNfbjpCakGIduWU1DU91Zz58ONRWrIKGunmZBNv4P7N+e27sJkiGDsw/3fT4AtsqQBrBA==
  /@wasmer/wasi/0.10.2:
    dependencies:
      browser-process-hrtime: 1.0.0
      buffer-es6: 4.9.3
      path-browserify: 1.0.0
      randomfill: 1.0.4
    dev: false
    resolution:
      integrity: sha512-zEcZnGmPcO+b6o95W+uF4AK4oGBvBaM6oyyIOH1Kv/Sigy/knRMmawHWPDdJlImYmea7NLvn6PwdN+XJBYSz5A==
  /browser-process-hrtime/1.0.0:
    dev: false
    resolution:
      integrity: sha512-9o5UecI3GhkpM6DrXr69PblIuWxPKk9Y0jHBRhdocZ2y7YECBFCsHm79Pr3OyR2AvjhDkabFJaDJMYRazHgsow==
  /buffer-es6/4.9.3:
    dev: false
    resolution:
      integrity: sha1-8mNHuC33b9N+GLy1KIxJcM/VxAQ=
  /path-browserify/1.0.0:
    dev: false
    resolution:
      integrity: sha512-Hkavx/nY4/plImrZPHRk2CL9vpOymZLgEbMNX1U0bjcBL7QN9wODxyx0yaMZURSQaUtSEvDrfAvxa9oPb0at9g==
  /randombytes/2.1.0:
    dependencies:
      safe-buffer: 5.2.0
    dev: false
    resolution:
      integrity: sha512-vYl3iOX+4CKUWuxGi9Ukhie6fsqXqS9FE2Zaic4tNFD2N2QQaXOMFbuKK4QmDHC0JO6B1Zp41J0LpT0oR68amQ==
  /randomfill/1.0.4:
    dependencies:
      randombytes: 2.1.0
      safe-buffer: 5.2.0
    dev: false
    resolution:
      integrity: sha512-87lcbR8+MhcWcUiQ+9e+Rwx8MyR2P7qnt15ynUlbm3TU/fjbgz4GsvfSUDTemtCCtVCqb4ZcEFlyPNTh9bBTLw==
  /safe-buffer/5.2.0:
    dev: false
    resolution:
      integrity: sha512-fZEwUGbVl7kouZs1jCdMLdt95hdIv0ZeHg6L7qPeciMZhZ+/gdesW4wgTARkrFWEpspjEATAzUGPG8N2jJiwbg==
  /tslib/1.11.1:
    dev: false
    resolution:
      integrity: sha512-aZW88SY8kQbU7gpV19lN24LtXh/yD4ZZg6qieAJDDg+YBsJcSmLGK9QpnUjAKVG/xefmvJGd1WUmfpT/g6AJGA==
  /typescript/3.8.3:
    dev: true
    engines:
      node: '>=4.2.0'
    hasBin: true
    resolution:
      integrity: sha512-MYlEfn5VrLNsgudQTVJeNaQFUAI7DkhnOjdpAp4T+ku1TfQClewlbSuTVHiA+8skNBgaf02TL/kLOvig4y3G8w==
specifiers:
  '@types/node': ^13.13.4
  '@wasmer/wasi': ^0.10.2
  tslib: ^1.11.1
  typescript: ^3.8.2
