dependencies:
  pretty-exec: 0.3.9
  toml: 3.0.0
lockfileVersion: 5.1
packages:
  /@types/color-name/1.1.1:
    dev: false
    resolution:
      integrity: sha512-rr+OQyAjxze7GgWrSaJwydHStIhHq2lvY3BOC2Mj7KnzI7XK0Uw1TOOdI9lDoajEbSWLiYgoo4f1R51erQfhPQ==
  /@types/node/13.13.6:
    dev: false
    resolution:
      integrity: sha512-zqRj8ugfROCjXCNbmPBe2mmQ0fJWP9lQaN519hwunOgpHgVykme4G6FW95++dyNFDvJUk4rtExkVkL0eciu5NA==
  /@types/shell-escape/0.2.0:
    dev: false
    resolution:
      integrity: sha512-7kUdtJtUylvyISJbe9FMcvMTjRdP0EvNDO1WbT0lT22k/IPBiPRTpmWaKu5HTWLCGLQRWVHrzVHZktTDvvR23g==
  /ansi-styles/4.2.1:
    dependencies:
      '@types/color-name': 1.1.1
      color-convert: 2.0.1
    dev: false
    engines:
      node: '>=8'
    resolution:
      integrity: sha512-9VGjrMsG1vePxcSweQsN20KY/c4zN0h9fLjqAbwbPfahM3t+NL+M9HC8xeXG2I8pX5NoamTGNuomEUFI7fcUjA==
  /chalk/4.0.0:
    dependencies:
      ansi-styles: 4.2.1
      supports-color: 7.1.0
    dev: false
    engines:
      node: '>=10'
    resolution:
      integrity: sha512-N9oWFcegS0sFr9oh1oz2d7Npos6vNoWW9HvtCg5N1KRFpUhaAhvTv5Y58g880fZaEYSNm3qDz8SU1UrGvp+n7A==
  /color-convert/2.0.1:
    dependencies:
      color-name: 1.1.4
    dev: false
    engines:
      node: '>=7.0.0'
    resolution:
      integrity: sha512-RRECPsj7iu/xb5oKYcsFHSppFNnsj/52OVTRKb4zP5onXwVF3zVmmToNcOfGC+CRDpfK/U584fMg38ZHCaElKQ==
  /color-name/1.1.4:
    dev: false
    resolution:
      integrity: sha512-dOy+3AuW3a2wNbZHIuMZpTcgjGuLU/uBL/ubcZF9OXbDo8ff4O8yVp5Bf0efS8uEoYo5q4Fx7dY9OgQGXgAsQA==
  /has-flag/4.0.0:
    dev: false
    engines:
      node: '>=8'
    resolution:
      integrity: sha512-EykJT/Q1KjTWctppgIAgfSO0tKVuZUjhgMr17kqTumMl6Afv3EISleU7qZUzoXDFTAHTDC4NOoG/ZxU3EvlMPQ==
  /pretty-exec/0.3.9:
    dependencies:
      '@types/node': 13.13.6
      '@types/shell-escape': 0.2.0
      chalk: 4.0.0
      shell-escape: 0.2.0
      split-string-once: 0.0.2
      tslib: 1.13.0
    dev: false
    hasBin: true
    resolution:
      integrity: sha512-C6n2PxuTXRZM+geQ8ZXR4uIlMd7wB4up4N3Hon7wv04QOJeMRPPd9hwIxxhnYCXOWHPZUA2WRdDM2FGOB+PeSg==
  /shell-escape/0.2.0:
    dev: false
    resolution:
      integrity: sha1-aP0CXrBJC09WegJ/C/IkgLX4QTM=
  /split-string-once/0.0.2:
    dependencies:
      '@types/node': 13.13.6
      tslib: 1.13.0
    dev: false
    engines:
      node: '>= 8.9.0'
    resolution:
      integrity: sha512-ZVcvM3Y3K0WSKtv6M1T8pODm79MgBB3Tya9AxSocKGc6J9lsBa4ZWzVTD6DWSnypRFyBu9McoMFNtNhGQ4yuqw==
  /supports-color/7.1.0:
    dependencies:
      has-flag: 4.0.0
    dev: false
    engines:
      node: '>=8'
    resolution:
      integrity: sha512-oRSIpR8pxT1Wr2FquTNnGet79b3BWljqOuoW/h4oBhxJ/HUbX5nX6JSruTkvXDCFMwDPvsaTTbvMLKZWSy0R5g==
  /toml/3.0.0:
    dev: false
    resolution:
      integrity: sha512-y/mWCZinnvxjTKYhJ+pYxwD0mRLVvOtdS2Awbgxln6iEnt4rk0yBxeSBHkGJcPucRiG0e55mwWp+g/05rsrd6w==
  /tslib/1.13.0:
    dev: false
    resolution:
      integrity: sha512-i/6DQjL8Xf3be4K/E6Wgpekn5Qasl1usyw++dAA35Ue5orEn65VIxOA+YvNNl9HV3qv70T7CNwjODHZrLwvd1Q==
specifiers:
  pretty-exec: ^0.3.9
  toml: ^3.0.0
